
Microsoft Visual Studio Solution File, Format Version 12.00
# Visual Studio 15
VisualStudioVersion = 15.0.28010.2016
MinimumVisualStudioVersion = 10.0.40219.1
Project("{FAE04EC0-301F-11D3-BF4B-00C04F79EFBC}") = "QRCode", "QRCode\QRCode.csproj", "{3562344A-8553-4E54-B134-817C49FB664A}"
EndProject
Global
	GlobalSection(SolutionConfigurationPlatforms) = preSolution
		Debug|Any CPU = Debug|Any CPU
		Release|Any CPU = Release|Any CPU
	EndGlobalSection
	GlobalSection(ProjectConfigurationPlatforms) = postSolution
		{3562344A-8553-4E54-B134-817C49FB664A}.Debug|Any CPU.ActiveCfg = Debug|Any CPU
		{3562344A-8553-4E54-B134-817C49FB664A}.Debug|Any CPU.Build.0 = Debug|Any CPU
		{3562344A-8553-4E54-B134-817C49FB664A}.Release|Any CPU.ActiveCfg = Release|Any CPU
		{3562344A-8553-4E54-B134-817C49FB664A}.Release|Any CPU.Build.0 = Release|Any CPU
	EndGlobalSection
	GlobalSection(SolutionProperties) = preSolution
		HideSolutionNode = FALSE
	EndGlobalSection
	GlobalSection(ExtensibilityGlobals) = postSolution
		SolutionGuid = {2F819D8A-DB57-4967-858E-273D06313B54}
	EndGlobalSection
EndGlobal
